{
  "version": 2,
  "dependencies": {
    "net8.0-windows7.0": {
      "PacketDotNet": {
        "type": "Transitive",
        "resolved": "1.4.8",
        "contentHash": "j4C4QaJmaPCk0KXsIdsZqmBteKWj5znXBmfbPpu48rE5SW2xwXKVlRf7C3g7VM9aZqMHIQedApEuC71nNX5PaQ==",
        "dependencies": {
          "System.Runtime.CompilerServices.Unsafe": "6.0.0"
        }
      },
      "System.Memory": {
        "type": "Transitive",
        "resolved": "4.6.3",
        "contentHash": "qdcDOgnFZY40+Q9876JUHnlHu7bosOHX8XISRoH94fwk6hgaeQGSgfZd8srWRZNt5bV9ZW2TljcegDNxsf+96A=="
      },
      "System.Runtime.CompilerServices.Unsafe": {
        "type": "Transitive",
        "resolved": "6.0.0",
        "contentHash": "/iUeP3tq1S0XdNNoMz5C9twLSrM/TH+qElHkXWaPvuNOt+99G75NrV0OS2EqHx5wMN7popYjpc8oTjC1y16DLg=="
      },
      "System.Text.Encoding.CodePages": {
        "type": "Transitive",
        "resolved": "9.0.5",
        "contentHash": "P6gqCJcVjdWA50Eai95eYdG4ryrb1xCd770NhQrvj847C7m30CJwQqzKykWoEMvV4qvjUazL/m7UMQdMZTp5xw=="
      },
      "arsvin.engine": {
        "type": "Project",
        "dependencies": {
          "SharpPcap": "[6.3.1, )"
        }
      },
      "SharpPcap": {
        "type": "CentralTransitive",
        "requested": "[6.3.1, )",
        "resolved": "6.3.1",
        "contentHash": "EWclXz+QdffBRppFR7GDBLyKiAz045RGvu4t4gcMGocVMEq6dRfCnAEx7Ep6qxcPPhH2kz13Y8FqBaHZhsh3Pg==",
        "dependencies": {
          "PacketDotNet": "1.4.8",
          "System.Memory": "4.6.3",
          "System.Text.Encoding.CodePages": "9.0.5"
        }
      }
    },
    "net8.0-windows7.0/win-x64": {
      "System.Text.Encoding.CodePages": {
        "type": "Transitive",
        "resolved": "9.0.5",
        "contentHash": "P6gqCJcVjdWA50Eai95eYdG4ryrb1xCd770NhQrvj847C7m30CJwQqzKykWoEMvV4qvjUazL/m7UMQdMZTp5xw=="
      }
    }
  }
}
